
Microsoft Visual Studio Solution File, Format Version 12.00
# Visual Studio Version 17
VisualStudioVersion = 17.0.32002.185
MinimumVisualStudioVersion = 10.0.40219.1
Project("{9A19103F-16F7-4668-BE54-9A1E7A4F7556}") = "GateIo.Examples.Api", "GateIo.Examples.Api\GateIo.Examples.Api.csproj", "{8D7694ED-912A-4F92-B924-CFD107EB20CA}"
EndProject
Project("{9A19103F-16F7-4668-BE54-9A1E7A4F7556}") = "GateIo.Examples.Console", "GateIo.Examples.Console\GateIo.Examples.Console.csproj", "{5B869493-8271-45C5-93AE-5357B45FE005}"
EndProject
Project("{9A19103F-16F7-4668-BE54-9A1E7A4F7556}") = "GateIo.Net", "..\GateIo.Net\GateIo.Net.csproj", "{5348A907-34D8-484F-8381-B8A475B690AA}"
EndProject
Project("{9A19103F-16F7-4668-BE54-9A1E7A4F7556}") = "GateIo.Examples.OrderBook", "GateIo.Examples.OrderBook\GateIo.Examples.OrderBook.csproj", "{DFA26183-D1A1-4D56-BA70-7176815E70F0}"
EndProject
Project("{9A19103F-16F7-4668-BE54-9A1E7A4F7556}") = "GateIo.Examples.Tracker", "GateIo.Examples.Tracker\GateIo.Examples.Tracker.csproj", "{519DF5A6-A2EB-41A1-AFE7-A30A67E84AE2}"
EndProject
Global
	GlobalSection(SolutionConfigurationPlatforms) = preSolution
		Debug|Any CPU = Debug|Any CPU
		Release|Any CPU = Release|Any CPU
	EndGlobalSection
	GlobalSection(ProjectConfigurationPlatforms) = postSolution
		{8D7694ED-912A-4F92-B924-CFD107EB20CA}.Debug|Any CPU.ActiveCfg = Debug|Any CPU
		{8D7694ED-912A-4F92-B924-CFD107EB20CA}.Debug|Any CPU.Build.0 = Debug|Any CPU
		{8D7694ED-912A-4F92-B924-CFD107EB20CA}.Release|Any CPU.ActiveCfg = Release|Any CPU
		{8D7694ED-912A-4F92-B924-CFD107EB20CA}.Release|Any CPU.Build.0 = Release|Any CPU
		{5B869493-8271-45C5-93AE-5357B45FE005}.Debug|Any CPU.ActiveCfg = Debug|Any CPU
		{5B869493-8271-45C5-93AE-5357B45FE005}.Debug|Any CPU.Build.0 = Debug|Any CPU
		{5B869493-8271-45C5-93AE-5357B45FE005}.Release|Any CPU.ActiveCfg = Release|Any CPU
		{5B869493-8271-45C5-93AE-5357B45FE005}.Release|Any CPU.Build.0 = Release|Any CPU
		{5348A907-34D8-484F-8381-B8A475B690AA}.Debug|Any CPU.ActiveCfg = Debug|Any CPU
		{5348A907-34D8-484F-8381-B8A475B690AA}.Debug|Any CPU.Build.0 = Debug|Any CPU
		{5348A907-34D8-484F-8381-B8A475B690AA}.Release|Any CPU.ActiveCfg = Release|Any CPU
		{5348A907-34D8-484F-8381-B8A475B690AA}.Release|Any CPU.Build.0 = Release|Any CPU
		{DFA26183-D1A1-4D56-BA70-7176815E70F0}.Debug|Any CPU.ActiveCfg = Debug|Any CPU
		{DFA26183-D1A1-4D56-BA70-7176815E70F0}.Debug|Any CPU.Build.0 = Debug|Any CPU
		{DFA26183-D1A1-4D56-BA70-7176815E70F0}.Release|Any CPU.ActiveCfg = Release|Any CPU
		{DFA26183-D1A1-4D56-BA70-7176815E70F0}.Release|Any CPU.Build.0 = Release|Any CPU
		{519DF5A6-A2EB-41A1-AFE7-A30A67E84AE2}.Debug|Any CPU.ActiveCfg = Debug|Any CPU
		{519DF5A6-A2EB-41A1-AFE7-A30A67E84AE2}.Debug|Any CPU.Build.0 = Debug|Any CPU
		{519DF5A6-A2EB-41A1-AFE7-A30A67E84AE2}.Release|Any CPU.ActiveCfg = Release|Any CPU
		{519DF5A6-A2EB-41A1-AFE7-A30A67E84AE2}.Release|Any CPU.Build.0 = Release|Any CPU
	EndGlobalSection
	GlobalSection(SolutionProperties) = preSolution
		HideSolutionNode = FALSE
	EndGlobalSection
	GlobalSection(ExtensibilityGlobals) = postSolution
		SolutionGuid = {0FC03929-769B-4314-AF91-AF01E06278DD}
	EndGlobalSection
EndGlobal
